
Microsoft Visual Studio Solution File, Format Version 12.00
# Visual Studio 15
VisualStudioVersion = 15.0.33529.398
MinimumVisualStudioVersion = 10.0.40219.1
Project("{FAE04EC0-301F-11D3-BF4B-00C04F79EFBC}") = "WindowsFormsApp1", "WindowsFormsApp1\WindowsFormsApp1.csproj", "{CBB5361F-470E-4F91-A5E7-B82B19E6F253}"
EndProject
Global
	GlobalSection(SolutionConfigurationPlatforms) = preSolution
		Debug|Any CPU = Debug|Any CPU
		Release|Any CPU = Release|Any CPU
	EndGlobalSection
	GlobalSection(ProjectConfigurationPlatforms) = postSolution
		{CBB5361F-470E-4F91-A5E7-B82B19E6F253}.Debug|Any CPU.ActiveCfg = Debug|Any CPU
		{CBB5361F-470E-4F91-A5E7-B82B19E6F253}.Debug|Any CPU.Build.0 = Debug|Any CPU
		{CBB5361F-470E-4F91-A5E7-B82B19E6F253}.Release|Any CPU.ActiveCfg = Release|Any CPU
		{CBB5361F-470E-4F91-A5E7-B82B19E6F253}.Release|Any CPU.Build.0 = Release|Any CPU
	EndGlobalSection
	GlobalSection(SolutionProperties) = preSolution
		HideSolutionNode = FALSE
	EndGlobalSection
	GlobalSection(ExtensibilityGlobals) = postSolution
		SolutionGuid = {2062ED39-BF9B-4208-9C77-6ABADF3213E1}
	EndGlobalSection
EndGlobal
